// !$*UTF8*$!
{
	archiveVersion = 1;
	classes = {
	};
	objectVersion = 52;
	objects = {

/* Begin PBXBuildFile section */
		0278B402429D175F9C908C91 /* AmplifyModels.swift in Sources */ = {isa = PBXBuildFile; fileRef = 318500A4FB9B7AEC9BEA1DE9 /* AmplifyModels.swift */; };
		55909ECD26E91ACD0049136C /* oss_testApp.swift in Sources */ = {isa = PBXBuildFile; fileRef = 55909ECC26E91ACD0049136C /* oss_testApp.swift */; };
		55909ECF26E91ACD0049136C /* ContentView.swift in Sources */ = {isa = PBXBuildFile; fileRef = 55909ECE26E91ACD0049136C /* ContentView.swift */; };
		55909ED126E91ACF0049136C /* Assets.xcassets in Resources */ = {isa = PBXBuildFile; fileRef = 55909ED026E91ACF0049136C /* Assets.xcassets */; };
		55909ED426E91ACF0049136C /* Preview Assets.xcassets in Resources */ = {isa = PBXBuildFile; fileRef = 55909ED326E91ACF0049136C /* Preview Assets.xcassets */; };
		55909EDF26E91F2D0049136C /* Amplify in Frameworks */ = {isa = PBXBuildFile; productRef = 55909EDE26E91F2D0049136C /* Amplify */; };
		55909EE126E91F2D0049136C /* AWSCognitoAuthPlugin in Frameworks */ = {isa = PBXBuildFile; productRef = 55909EE026E91F2D0049136C /* AWSCognitoAuthPlugin */; };
		55909EE326E91F2D0049136C /* AWSS3StoragePlugin in Frameworks */ = {isa = PBXBuildFile; productRef = 55909EE226E91F2D0049136C /* AWSS3StoragePlugin */; };
		55909EE526E91F2D0049136C /* AWSAPIPlugin in Frameworks */ = {isa = PBXBuildFile; productRef = 55909EE426E91F2D0049136C /* AWSAPIPlugin */; };
		55909EE726E91F2D0049136C /* AWSDataStorePlugin in Frameworks */ = {isa = PBXBuildFile; productRef = 55909EE626E91F2D0049136C /* AWSDataStorePlugin */; };
		629D1BE996CED906FBD6AF81 /* Todo.swift in Sources */ = {isa = PBXBuildFile; fileRef = B912EB9CF63A131E7F34541D /* Todo.swift */; };
		93748B76CE3DDD4B9EF7C7DA /* amplifyconfiguration.json in Resources */ = {isa = PBXBuildFile; fileRef = 87094592EF6C7933C51149DF /* amplifyconfiguration.json */; };
		9EC52E51BB564F3A3732C046 /* awsconfiguration.json in Resources */ = {isa = PBXBuildFile; fileRef = 1B8CD6A6637FEF5DF665B5BF /* awsconfiguration.json */; };
		E7348DA2C5AC599239E2D178 /* Todo+Schema.swift in Sources */ = {isa = PBXBuildFile; fileRef = 4C927C5A3E39C103CEAB75EF /* Todo+Schema.swift */; };
/* End PBXBuildFile section */

/* Begin PBXFileReference section */
		1B8CD6A6637FEF5DF665B5BF /* awsconfiguration.json */ = {isa = PBXFileReference; explicitFileType = text.json; path = awsconfiguration.json; sourceTree = "<group>"; };
		318500A4FB9B7AEC9BEA1DE9 /* AmplifyModels.swift */ = {isa = PBXFileReference; explicitFileType = sourcecode.swift; lastKnownFileType = sourcecode.swift; name = AmplifyModels.swift; path = amplify/generated/models/AmplifyModels.swift; sourceTree = "<group>"; };
		4C927C5A3E39C103CEAB75EF /* Todo+Schema.swift */ = {isa = PBXFileReference; explicitFileType = sourcecode.swift; lastKnownFileType = sourcecode.swift; name = "Todo+Schema.swift"; path = "amplify/generated/models/Todo+Schema.swift"; sourceTree = "<group>"; };
		55909EC926E91ACD0049136C /* oss-test.app */ = {isa = PBXFileReference; explicitFileType = wrapper.application; includeInIndex = 0; path = "oss-test.app"; sourceTree = BUILT_PRODUCTS_DIR; };
		55909ECC26E91ACD0049136C /* oss_testApp.swift */ = {isa = PBXFileReference; lastKnownFileType = sourcecode.swift; path = oss_testApp.swift; sourceTree = "<group>"; };
		55909ECE26E91ACD0049136C /* ContentView.swift */ = {isa = PBXFileReference; lastKnownFileType = sourcecode.swift; path = ContentView.swift; sourceTree = "<group>"; };
		55909ED026E91ACF0049136C /* Assets.xcassets */ = {isa = PBXFileReference; lastKnownFileType = folder.assetcatalog; path = Assets.xcassets; sourceTree = "<group>"; };
		55909ED326E91ACF0049136C /* Preview Assets.xcassets */ = {isa = PBXFileReference; lastKnownFileType = folder.assetcatalog; path = "Preview Assets.xcassets"; sourceTree = "<group>"; };
		55909ED526E91ACF0049136C /* Info.plist */ = {isa = PBXFileReference; lastKnownFileType = text.plist.xml; path = Info.plist; sourceTree = "<group>"; };
		87094592EF6C7933C51149DF /* amplifyconfiguration.json */ = {isa = PBXFileReference; explicitFileType = text.json; path = amplifyconfiguration.json; sourceTree = "<group>"; };
		B912EB9CF63A131E7F34541D /* Todo.swift */ = {isa = PBXFileReference; explicitFileType = sourcecode.swift; lastKnownFileType = sourcecode.swift; name = Todo.swift; path = amplify/generated/models/Todo.swift; sourceTree = "<group>"; };
/* End PBXFileReference section */

/* Begin PBXFrameworksBuildPhase section */
		55909EC626E91ACD0049136C /* Frameworks */ = {
			isa = PBXFrameworksBuildPhase;
			buildActionMask = 2147483647;
			files = (
				55909EE526E91F2D0049136C /* AWSAPIPlugin in Frameworks */,
				55909EDF26E91F2D0049136C /* Amplify in Frameworks */,
				55909EE126E91F2D0049136C /* AWSCognitoAuthPlugin in Frameworks */,
				55909EE726E91F2D0049136C /* AWSDataStorePlugin in Frameworks */,
				55909EE326E91F2D0049136C /* AWSS3StoragePlugin in Frameworks */,
			);
			runOnlyForDeploymentPostprocessing = 0;
		};
/* End PBXFrameworksBuildPhase section */

/* Begin PBXGroup section */
		012DD4B09D7E8F385CE0E760 /* AmplifyConfig */ = {
			isa = PBXGroup;
			children = (
				1B8CD6A6637FEF5DF665B5BF /* awsconfiguration.json */,
				87094592EF6C7933C51149DF /* amplifyconfiguration.json */,
			);
			name = AmplifyConfig;
			sourceTree = "<group>";
		};
		55909EC026E91ACD0049136C = {
			isa = PBXGroup;
			children = (
				55909ECB26E91ACD0049136C /* oss-test */,
				55909ECA26E91ACD0049136C /* Products */,
				012DD4B09D7E8F385CE0E760 /* AmplifyConfig */,
				701DFFB54792320DFB76402B /* AmplifyModels */,
			);
			sourceTree = "<group>";
		};
		55909ECA26E91ACD0049136C /* Products */ = {
			isa = PBXGroup;
			children = (
				55909EC926E91ACD0049136C /* oss-test.app */,
			);
			name = Products;
			sourceTree = "<group>";
		};
		55909ECB26E91ACD0049136C /* oss-test */ = {
			isa = PBXGroup;
			children = (
				55909ECC26E91ACD0049136C /* oss_testApp.swift */,
				55909ECE26E91ACD0049136C /* ContentView.swift */,
				55909ED026E91ACF0049136C /* Assets.xcassets */,
				55909ED526E91ACF0049136C /* Info.plist */,
				55909ED226E91ACF0049136C /* Preview Content */,
			);
			path = "oss-test";
			sourceTree = "<group>";
		};
		55909ED226E91ACF0049136C /* Preview Content */ = {
			isa = PBXGroup;
			children = (
				55909ED326E91ACF0049136C /* Preview Assets.xcassets */,
			);
			path = "Preview Content";
			sourceTree = "<group>";
		};
		701DFFB54792320DFB76402B /* AmplifyModels */ = {
			isa = PBXGroup;
			children = (
				318500A4FB9B7AEC9BEA1DE9 /* AmplifyModels.swift */,
				4C927C5A3E39C103CEAB75EF /* Todo+Schema.swift */,
				B912EB9CF63A131E7F34541D /* Todo.swift */,
			);
			name = AmplifyModels;
			sourceTree = "<group>";
		};
/* End PBXGroup section */

/* Begin PBXNativeTarget section */
		55909EC826E91ACD0049136C /* oss-test */ = {
			isa = PBXNativeTarget;
			buildConfigurationList = 55909ED826E91ACF0049136C /* Build configuration list for PBXNativeTarget "oss-test" */;
			buildPhases = (
				55909EC526E91ACD0049136C /* Sources */,
				55909EC626E91ACD0049136C /* Frameworks */,
				55909EC726E91ACD0049136C /* Resources */,
			);
			buildRules = (
			);
			dependencies = (
			);
			name = "oss-test";
			packageProductDependencies = (
				55909EDE26E91F2D0049136C /* Amplify */,
				55909EE026E91F2D0049136C /* AWSCognitoAuthPlugin */,
				55909EE226E91F2D0049136C /* AWSS3StoragePlugin */,
				55909EE426E91F2D0049136C /* AWSAPIPlugin */,
				55909EE626E91F2D0049136C /* AWSDataStorePlugin */,
			);
			productName = "oss-test";
			productReference = 55909EC926E91ACD0049136C /* oss-test.app */;
			productType = "com.apple.product-type.application";
		};
/* End PBXNativeTarget section */

/* Begin PBXProject section */
		55909EC126E91ACD0049136C /* Project object */ = {
			isa = PBXProject;
			attributes = {
				LastSwiftUpdateCheck = 1240;
				LastUpgradeCheck = 1240;
				TargetAttributes = {
					55909EC826E91ACD0049136C = {
						CreatedOnToolsVersion = 12.4;
					};
				};
			};
			buildConfigurationList = 55909EC426E91ACD0049136C /* Build configuration list for PBXProject "oss-test" */;
			compatibilityVersion = "Xcode 9.3";
			developmentRegion = en;
			hasScannedForEncodings = 0;
			knownRegions = (
				en,
				Base,
			);
			mainGroup = 55909EC026E91ACD0049136C;
			packageReferences = (
				55909EDD26E91F2D0049136C /* XCRemoteSwiftPackageReference "amplify-ios" */,
			);
			productRefGroup = 55909ECA26E91ACD0049136C /* Products */;
			projectDirPath = "";
			projectRoot = "";
			targets = (
				55909EC826E91ACD0049136C /* oss-test */,
			);
		};
/* End PBXProject section */

/* Begin PBXResourcesBuildPhase section */
		55909EC726E91ACD0049136C /* Resources */ = {
			isa = PBXResourcesBuildPhase;
			buildActionMask = 2147483647;
			files = (
				55909ED426E91ACF0049136C /* Preview Assets.xcassets in Resources */,
				55909ED126E91ACF0049136C /* Assets.xcassets in Resources */,
				9EC52E51BB564F3A3732C046 /* awsconfiguration.json in Resources */,
				93748B76CE3DDD4B9EF7C7DA /* amplifyconfiguration.json in Resources */,
			);
			runOnlyForDeploymentPostprocessing = 0;
		};
/* End PBXResourcesBuildPhase section */

/* Begin PBXSourcesBuildPhase section */
		55909EC526E91ACD0049136C /* Sources */ = {
			isa = PBXSourcesBuildPhase;
			buildActionMask = 2147483647;
			files = (
				55909ECF26E91ACD0049136C /* ContentView.swift in Sources */,
				55909ECD26E91ACD0049136C /* oss_testApp.swift in Sources */,
				0278B402429D175F9C908C91 /* AmplifyModels.swift in Sources */,
				E7348DA2C5AC599239E2D178 /* Todo+Schema.swift in Sources */,
				629D1BE996CED906FBD6AF81 /* Todo.swift in Sources */,
			);
			runOnlyForDeploymentPostprocessing = 0;
		};
/* End PBXSourcesBuildPhase section */

/* Begin XCBuildConfiguration section */
		55909ED626E91ACF0049136C /* Debug */ = {
			isa = XCBuildConfiguration;
			buildSettings = {
				ALWAYS_SEARCH_USER_PATHS = NO;
				CLANG_ANALYZER_NONNULL = YES;
				CLANG_ANALYZER_NUMBER_OBJECT_CONVERSION = YES_AGGRESSIVE;
				CLANG_CXX_LANGUAGE_STANDARD = "gnu++14";
				CLANG_CXX_LIBRARY = "libc++";
				CLANG_ENABLE_MODULES = YES;
				CLANG_ENABLE_OBJC_ARC = YES;
				CLANG_ENABLE_OBJC_WEAK = YES;
				CLANG_WARN_BLOCK_CAPTURE_AUTORELEASING = YES;
				CLANG_WARN_BOOL_CONVERSION = YES;
				CLANG_WARN_COMMA = YES;
				CLANG_WARN_CONSTANT_CONVERSION = YES;
				CLANG_WARN_DEPRECATED_OBJC_IMPLEMENTATIONS = YES;
				CLANG_WARN_DIRECT_OBJC_ISA_USAGE = YES_ERROR;
				CLANG_WARN_DOCUMENTATION_COMMENTS = YES;
				CLANG_WARN_EMPTY_BODY = YES;
				CLANG_WARN_ENUM_CONVERSION = YES;
				CLANG_WARN_INFINITE_RECURSION = YES;
				CLANG_WARN_INT_CONVERSION = YES;
				CLANG_WARN_NON_LITERAL_NULL_CONVERSION = YES;
				CLANG_WARN_OBJC_IMPLICIT_RETAIN_SELF = YES;
				CLANG_WARN_OBJC_LITERAL_CONVERSION = YES;
				CLANG_WARN_OBJC_ROOT_CLASS = YES_ERROR;
				CLANG_WARN_QUOTED_INCLUDE_IN_FRAMEWORK_HEADER = YES;
				CLANG_WARN_RANGE_LOOP_ANALYSIS = YES;
				CLANG_WARN_STRICT_PROTOTYPES = YES;
				CLANG_WARN_SUSPICIOUS_MOVE = YES;
				CLANG_WARN_UNGUARDED_AVAILABILITY = YES_AGGRESSIVE;
				CLANG_WARN_UNREACHABLE_CODE = YES;
				CLANG_WARN__DUPLICATE_METHOD_MATCH = YES;
				COPY_PHASE_STRIP = NO;
				DEBUG_INFORMATION_FORMAT = dwarf;
				ENABLE_STRICT_OBJC_MSGSEND = YES;
				ENABLE_TESTABILITY = YES;
				GCC_C_LANGUAGE_STANDARD = gnu11;
				GCC_DYNAMIC_NO_PIC = NO;
				GCC_NO_COMMON_BLOCKS = YES;
				GCC_OPTIMIZATION_LEVEL = 0;
				GCC_PREPROCESSOR_DEFINITIONS = (
					"DEBUG=1",
					"$(inherited)",
				);
				GCC_WARN_64_TO_32_BIT_CONVERSION = YES;
				GCC_WARN_ABOUT_RETURN_TYPE = YES_ERROR;
				GCC_WARN_UNDECLARED_SELECTOR = YES;
				GCC_WARN_UNINITIALIZED_AUTOS = YES_AGGRESSIVE;
				GCC_WARN_UNUSED_FUNCTION = YES;
				GCC_WARN_UNUSED_VARIABLE = YES;
				IPHONEOS_DEPLOYMENT_TARGET = 14.4;
				MTL_ENABLE_DEBUG_INFO = INCLUDE_SOURCE;
				MTL_FAST_MATH = YES;
				ONLY_ACTIVE_ARCH = YES;
				SDKROOT = iphoneos;
				SWIFT_ACTIVE_COMPILATION_CONDITIONS = DEBUG;
				SWIFT_OPTIMIZATION_LEVEL = "-Onone";
			};
			name = Debug;
		};
		55909ED726E91ACF0049136C /* Release */ = {
			isa = XCBuildConfiguration;
			buildSettings = {
				ALWAYS_SEARCH_USER_PATHS = NO;
				CLANG_ANALYZER_NONNULL = YES;
				CLANG_ANALYZER_NUMBER_OBJECT_CONVERSION = YES_AGGRESSIVE;
				CLANG_CXX_LANGUAGE_STANDARD = "gnu++14";
				CLANG_CXX_LIBRARY = "libc++";
				CLANG_ENABLE_MODULES = YES;
				CLANG_ENABLE_OBJC_ARC = YES;
				CLANG_ENABLE_OBJC_WEAK = YES;
				CLANG_WARN_BLOCK_CAPTURE_AUTORELEASING = YES;
				CLANG_WARN_BOOL_CONVERSION = YES;
				CLANG_WARN_COMMA = YES;
				CLANG_WARN_CONSTANT_CONVERSION = YES;
				CLANG_WARN_DEPRECATED_OBJC_IMPLEMENTATIONS = YES;
				CLANG_WARN_DIRECT_OBJC_ISA_USAGE = YES_ERROR;
				CLANG_WARN_DOCUMENTATION_COMMENTS = YES;
				CLANG_WARN_EMPTY_BODY = YES;
				CLANG_WARN_ENUM_CONVERSION = YES;
				CLANG_WARN_INFINITE_RECURSION = YES;
				CLANG_WARN_INT_CONVERSION = YES;
				CLANG_WARN_NON_LITERAL_NULL_CONVERSION = YES;
				CLANG_WARN_OBJC_IMPLICIT_RETAIN_SELF = YES;
				CLANG_WARN_OBJC_LITERAL_CONVERSION = YES;
				CLANG_WARN_OBJC_ROOT_CLASS = YES_ERROR;
				CLANG_WARN_QUOTED_INCLUDE_IN_FRAMEWORK_HEADER = YES;
				CLANG_WARN_RANGE_LOOP_ANALYSIS = YES;
				CLANG_WARN_STRICT_PROTOTYPES = YES;
				CLANG_WARN_SUSPICIOUS_MOVE = YES;
				CLANG_WARN_UNGUARDED_AVAILABILITY = YES_AGGRESSIVE;
				CLANG_WARN_UNREACHABLE_CODE = YES;
				CLANG_WARN__DUPLICATE_METHOD_MATCH = YES;
				COPY_PHASE_STRIP = NO;
				DEBUG_INFORMATION_FORMAT = "dwarf-with-dsym";
				ENABLE_NS_ASSERTIONS = NO;
				ENABLE_STRICT_OBJC_MSGSEND = YES;
				GCC_C_LANGUAGE_STANDARD = gnu11;
				GCC_NO_COMMON_BLOCKS = YES;
				GCC_WARN_64_TO_32_BIT_CONVERSION = YES;
				GCC_WARN_ABOUT_RETURN_TYPE = YES_ERROR;
				GCC_WARN_UNDECLARED_SELECTOR = YES;
				GCC_WARN_UNINITIALIZED_AUTOS = YES_AGGRESSIVE;
				GCC_WARN_UNUSED_FUNCTION = YES;
				GCC_WARN_UNUSED_VARIABLE = YES;
				IPHONEOS_DEPLOYMENT_TARGET = 14.4;
				MTL_ENABLE_DEBUG_INFO = NO;
				MTL_FAST_MATH = YES;
				SDKROOT = iphoneos;
				SWIFT_COMPILATION_MODE = wholemodule;
				SWIFT_OPTIMIZATION_LEVEL = "-O";
				VALIDATE_PRODUCT = YES;
			};
			name = Release;
		};
		55909ED926E91ACF0049136C /* Debug */ = {
			isa = XCBuildConfiguration;
			buildSettings = {
				ASSETCATALOG_COMPILER_APPICON_NAME = AppIcon;
				ASSETCATALOG_COMPILER_GLOBAL_ACCENT_COLOR_NAME = AccentColor;
				CODE_SIGN_STYLE = Automatic;
				DEVELOPMENT_ASSET_PATHS = "\"oss-test/Preview Content\"";
				DEVELOPMENT_TEAM = 5K99777NES;
				ENABLE_PREVIEWS = YES;
				INFOPLIST_FILE = "oss-test/Info.plist";
				IPHONEOS_DEPLOYMENT_TARGET = 14.0;
				LD_RUNPATH_SEARCH_PATHS = (
					"$(inherited)",
					"@executable_path/Frameworks",
				);
				PRODUCT_BUNDLE_IDENTIFIER = "com.kiloloco.oss-test";
				PRODUCT_NAME = "$(TARGET_NAME)";
				SWIFT_VERSION = 5.0;
				TARGETED_DEVICE_FAMILY = "1,2";
			};
			name = Debug;
		};
		55909EDA26E91ACF0049136C /* Release */ = {
			isa = XCBuildConfiguration;
			buildSettings = {
				ASSETCATALOG_COMPILER_APPICON_NAME = AppIcon;
				ASSETCATALOG_COMPILER_GLOBAL_ACCENT_COLOR_NAME = AccentColor;
				CODE_SIGN_STYLE = Automatic;
				DEVELOPMENT_ASSET_PATHS = "\"oss-test/Preview Content\"";
				DEVELOPMENT_TEAM = 5K99777NES;
				ENABLE_PREVIEWS = YES;
				INFOPLIST_FILE = "oss-test/Info.plist";
				IPHONEOS_DEPLOYMENT_TARGET = 14.0;
				LD_RUNPATH_SEARCH_PATHS = (
					"$(inherited)",
					"@executable_path/Frameworks",
				);
				PRODUCT_BUNDLE_IDENTIFIER = "com.kiloloco.oss-test";
				PRODUCT_NAME = "$(TARGET_NAME)";
				SWIFT_VERSION = 5.0;
				TARGETED_DEVICE_FAMILY = "1,2";
			};
			name = Release;
		};
/* End XCBuildConfiguration section */

/* Begin XCConfigurationList section */
		55909EC426E91ACD0049136C /* Build configuration list for PBXProject "oss-test" */ = {
			isa = XCConfigurationList;
			buildConfigurations = (
				55909ED626E91ACF0049136C /* Debug */,
				55909ED726E91ACF0049136C /* Release */,
			);
			defaultConfigurationIsVisible = 0;
			defaultConfigurationName = Release;
		};
		55909ED826E91ACF0049136C /* Build configuration list for PBXNativeTarget "oss-test" */ = {
			isa = XCConfigurationList;
			buildConfigurations = (
				55909ED926E91ACF0049136C /* Debug */,
				55909EDA26E91ACF0049136C /* Release */,
			);
			defaultConfigurationIsVisible = 0;
			defaultConfigurationName = Release;
		};
/* End XCConfigurationList section */

/* Begin XCRemoteSwiftPackageReference section */
		55909EDD26E91F2D0049136C /* XCRemoteSwiftPackageReference "amplify-ios" */ = {
			isa = XCRemoteSwiftPackageReference;
			repositoryURL = "https://github.com/aws-amplify/amplify-ios.git";
			requirement = {
				kind = upToNextMajorVersion;
				minimumVersion = 1.13.4;
			};
		};
/* End XCRemoteSwiftPackageReference section */

/* Begin XCSwiftPackageProductDependency section */
		55909EDE26E91F2D0049136C /* Amplify */ = {
			isa = XCSwiftPackageProductDependency;
			package = 55909EDD26E91F2D0049136C /* XCRemoteSwiftPackageReference "amplify-ios" */;
			productName = Amplify;
		};
		55909EE026E91F2D0049136C /* AWSCognitoAuthPlugin */ = {
			isa = XCSwiftPackageProductDependency;
			package = 55909EDD26E91F2D0049136C /* XCRemoteSwiftPackageReference "amplify-ios" */;
			productName = AWSCognitoAuthPlugin;
		};
		55909EE226E91F2D0049136C /* AWSS3StoragePlugin */ = {
			isa = XCSwiftPackageProductDependency;
			package = 55909EDD26E91F2D0049136C /* XCRemoteSwiftPackageReference "amplify-ios" */;
			productName = AWSS3StoragePlugin;
		};
		55909EE426E91F2D0049136C /* AWSAPIPlugin */ = {
			isa = XCSwiftPackageProductDependency;
			package = 55909EDD26E91F2D0049136C /* XCRemoteSwiftPackageReference "amplify-ios" */;
			productName = AWSAPIPlugin;
		};
		55909EE626E91F2D0049136C /* AWSDataStorePlugin */ = {
			isa = XCSwiftPackageProductDependency;
			package = 55909EDD26E91F2D0049136C /* XCRemoteSwiftPackageReference "amplify-ios" */;
			productName = AWSDataStorePlugin;
		};
/* End XCSwiftPackageProductDependency section */
	};
	rootObject = 55909EC126E91ACD0049136C /* Project object */;
}
